// !$*UTF8*$!
{
	archiveVersion = 1;
	classes = {
	};
	objectVersion = 56;
	objects = {

/* Begin PBXBuildFile section */
		B702ADEB299B272200563F59 /* ViewController+CoreData.swift in Sources */ = {isa = PBXBuildFile; fileRef = B702ADEA299B272200563F59 /* ViewController+CoreData.swift */; };
		B79458CF2996A6800049B22E /* GamesTableViewController.swift in Sources */ = {isa = PBXBuildFile; fileRef = B79458CE2996A6800049B22E /* GamesTableViewController.swift */; };
		B79458D12996A6A80049B22E /* ConsolesTableViewController.swift in Sources */ = {isa = PBXBuildFile; fileRef = B79458D02996A6A80049B22E /* ConsolesTableViewController.swift */; };
		B79458D32996A9240049B22E /* GameViewController.swift in Sources */ = {isa = PBXBuildFile; fileRef = B79458D22996A9240049B22E /* GameViewController.swift */; };
		B79458D52996A97D0049B22E /* AddEditViewController.swift in Sources */ = {isa = PBXBuildFile; fileRef = B79458D42996A97D0049B22E /* AddEditViewController.swift */; };
		B79458D72996C9570049B22E /* GameTableViewCell.swift in Sources */ = {isa = PBXBuildFile; fileRef = B79458D62996C9570049B22E /* GameTableViewCell.swift */; };
		B7E00DB5299524C70049AE61 /* AppDelegate.swift in Sources */ = {isa = PBXBuildFile; fileRef = B7E00DB4299524C70049AE61 /* AppDelegate.swift */; };
		B7E00DB7299524C70049AE61 /* SceneDelegate.swift in Sources */ = {isa = PBXBuildFile; fileRef = B7E00DB6299524C70049AE61 /* SceneDelegate.swift */; };
		B7E00DB9299524C70049AE61 /* ViewController.swift in Sources */ = {isa = PBXBuildFile; fileRef = B7E00DB8299524C70049AE61 /* ViewController.swift */; };
		B7E00DBC299524C70049AE61 /* Main.storyboard in Resources */ = {isa = PBXBuildFile; fileRef = B7E00DBA299524C70049AE61 /* Main.storyboard */; };
		B7E00DBF299524C70049AE61 /* My_Games.xcdatamodeld in Sources */ = {isa = PBXBuildFile; fileRef = B7E00DBD299524C70049AE61 /* My_Games.xcdatamodeld */; };
		B7E00DC1299524C80049AE61 /* Assets.xcassets in Resources */ = {isa = PBXBuildFile; fileRef = B7E00DC0299524C80049AE61 /* Assets.xcassets */; };
		B7E00DC4299524C80049AE61 /* LaunchScreen.storyboard in Resources */ = {isa = PBXBuildFile; fileRef = B7E00DC2299524C80049AE61 /* LaunchScreen.storyboard */; };
/* End PBXBuildFile section */

/* Begin PBXFileReference section */
		B702ADEA299B272200563F59 /* ViewController+CoreData.swift */ = {isa = PBXFileReference; lastKnownFileType = sourcecode.swift; path = "ViewController+CoreData.swift"; sourceTree = "<group>"; };
		B79458CE2996A6800049B22E /* GamesTableViewController.swift */ = {isa = PBXFileReference; lastKnownFileType = sourcecode.swift; path = GamesTableViewController.swift; sourceTree = "<group>"; };
		B79458D02996A6A80049B22E /* ConsolesTableViewController.swift */ = {isa = PBXFileReference; lastKnownFileType = sourcecode.swift; path = ConsolesTableViewController.swift; sourceTree = "<group>"; };
		B79458D22996A9240049B22E /* GameViewController.swift */ = {isa = PBXFileReference; lastKnownFileType = sourcecode.swift; path = GameViewController.swift; sourceTree = "<group>"; };
		B79458D42996A97D0049B22E /* AddEditViewController.swift */ = {isa = PBXFileReference; lastKnownFileType = sourcecode.swift; path = AddEditViewController.swift; sourceTree = "<group>"; };
		B79458D62996C9570049B22E /* GameTableViewCell.swift */ = {isa = PBXFileReference; lastKnownFileType = sourcecode.swift; path = GameTableViewCell.swift; sourceTree = "<group>"; };
		B7E00DB1299524C70049AE61 /* My Games.app */ = {isa = PBXFileReference; explicitFileType = wrapper.application; includeInIndex = 0; path = "My Games.app"; sourceTree = BUILT_PRODUCTS_DIR; };
		B7E00DB4299524C70049AE61 /* AppDelegate.swift */ = {isa = PBXFileReference; lastKnownFileType = sourcecode.swift; path = AppDelegate.swift; sourceTree = "<group>"; };
		B7E00DB6299524C70049AE61 /* SceneDelegate.swift */ = {isa = PBXFileReference; lastKnownFileType = sourcecode.swift; path = SceneDelegate.swift; sourceTree = "<group>"; };
		B7E00DB8299524C70049AE61 /* ViewController.swift */ = {isa = PBXFileReference; lastKnownFileType = sourcecode.swift; path = ViewController.swift; sourceTree = "<group>"; };
		B7E00DBB299524C70049AE61 /* Base */ = {isa = PBXFileReference; lastKnownFileType = file.storyboard; name = Base; path = Base.lproj/Main.storyboard; sourceTree = "<group>"; };
		B7E00DBE299524C70049AE61 /* My_Games.xcdatamodel */ = {isa = PBXFileReference; lastKnownFileType = wrapper.xcdatamodel; path = My_Games.xcdatamodel; sourceTree = "<group>"; };
		B7E00DC0299524C80049AE61 /* Assets.xcassets */ = {isa = PBXFileReference; lastKnownFileType = folder.assetcatalog; path = Assets.xcassets; sourceTree = "<group>"; };
		B7E00DC3299524C80049AE61 /* Base */ = {isa = PBXFileReference; lastKnownFileType = file.storyboard; name = Base; path = Base.lproj/LaunchScreen.storyboard; sourceTree = "<group>"; };
		B7E00DC5299524C80049AE61 /* Info.plist */ = {isa = PBXFileReference; lastKnownFileType = text.plist.xml; path = Info.plist; sourceTree = "<group>"; };
/* End PBXFileReference section */

/* Begin PBXFrameworksBuildPhase section */
		B7E00DAE299524C70049AE61 /* Frameworks */ = {
			isa = PBXFrameworksBuildPhase;
			buildActionMask = 2147483647;
			files = (
			);
			runOnlyForDeploymentPostprocessing = 0;
		};
/* End PBXFrameworksBuildPhase section */

/* Begin PBXGroup section */
		B7E00DA8299524C70049AE61 = {
			isa = PBXGroup;
			children = (
				B7E00DB3299524C70049AE61 /* My Games */,
				B7E00DB2299524C70049AE61 /* Products */,
			);
			sourceTree = "<group>";
		};
		B7E00DB2299524C70049AE61 /* Products */ = {
			isa = PBXGroup;
			children = (
				B7E00DB1299524C70049AE61 /* My Games.app */,
			);
			name = Products;
			sourceTree = "<group>";
		};
		B7E00DB3299524C70049AE61 /* My Games */ = {
			isa = PBXGroup;
			children = (
				B7E00DB4299524C70049AE61 /* AppDelegate.swift */,
				B7E00DB6299524C70049AE61 /* SceneDelegate.swift */,
				B7E00DB8299524C70049AE61 /* ViewController.swift */,
				B79458D02996A6A80049B22E /* ConsolesTableViewController.swift */,
				B79458CE2996A6800049B22E /* GamesTableViewController.swift */,
				B79458D62996C9570049B22E /* GameTableViewCell.swift */,
				B79458D22996A9240049B22E /* GameViewController.swift */,
				B79458D42996A97D0049B22E /* AddEditViewController.swift */,
				B702ADEA299B272200563F59 /* ViewController+CoreData.swift */,
				B7E00DBA299524C70049AE61 /* Main.storyboard */,
				B7E00DC0299524C80049AE61 /* Assets.xcassets */,
				B7E00DC2299524C80049AE61 /* LaunchScreen.storyboard */,
				B7E00DC5299524C80049AE61 /* Info.plist */,
				B7E00DBD299524C70049AE61 /* My_Games.xcdatamodeld */,
			);
			path = "My Games";
			sourceTree = "<group>";
		};
/* End PBXGroup section */

/* Begin PBXNativeTarget section */
		B7E00DB0299524C70049AE61 /* My Games */ = {
			isa = PBXNativeTarget;
			buildConfigurationList = B7E00DC8299524C80049AE61 /* Build configuration list for PBXNativeTarget "My Games" */;
			buildPhases = (
				B7E00DAD299524C70049AE61 /* Sources */,
				B7E00DAE299524C70049AE61 /* Frameworks */,
				B7E00DAF299524C70049AE61 /* Resources */,
			);
			buildRules = (
			);
			dependencies = (
			);
			name = "My Games";
			productName = "My Games";
			productReference = B7E00DB1299524C70049AE61 /* My Games.app */;
			productType = "com.apple.product-type.application";
		};
/* End PBXNativeTarget section */

/* Begin PBXProject section */
		B7E00DA9299524C70049AE61 /* Project object */ = {
			isa = PBXProject;
			attributes = {
				BuildIndependentTargetsInParallel = 1;
				LastSwiftUpdateCheck = 1420;
				LastUpgradeCheck = 1420;
				TargetAttributes = {
					B7E00DB0299524C70049AE61 = {
						CreatedOnToolsVersion = 14.2;
					};
				};
			};
			buildConfigurationList = B7E00DAC299524C70049AE61 /* Build configuration list for PBXProject "My Games" */;
			compatibilityVersion = "Xcode 14.0";
			developmentRegion = en;
			hasScannedForEncodings = 0;
			knownRegions = (
				en,
				Base,
			);
			mainGroup = B7E00DA8299524C70049AE61;
			productRefGroup = B7E00DB2299524C70049AE61 /* Products */;
			projectDirPath = "";
			projectRoot = "";
			targets = (
				B7E00DB0299524C70049AE61 /* My Games */,
			);
		};
/* End PBXProject section */

/* Begin PBXResourcesBuildPhase section */
		B7E00DAF299524C70049AE61 /* Resources */ = {
			isa = PBXResourcesBuildPhase;
			buildActionMask = 2147483647;
			files = (
				B7E00DC4299524C80049AE61 /* LaunchScreen.storyboard in Resources */,
				B7E00DC1299524C80049AE61 /* Assets.xcassets in Resources */,
				B7E00DBC299524C70049AE61 /* Main.storyboard in Resources */,
			);
			runOnlyForDeploymentPostprocessing = 0;
		};
/* End PBXResourcesBuildPhase section */

/* Begin PBXSourcesBuildPhase section */
		B7E00DAD299524C70049AE61 /* Sources */ = {
			isa = PBXSourcesBuildPhase;
			buildActionMask = 2147483647;
			files = (
				B79458D32996A9240049B22E /* GameViewController.swift in Sources */,
				B7E00DB9299524C70049AE61 /* ViewController.swift in Sources */,
				B79458D72996C9570049B22E /* GameTableViewCell.swift in Sources */,
				B7E00DB5299524C70049AE61 /* AppDelegate.swift in Sources */,
				B7E00DB7299524C70049AE61 /* SceneDelegate.swift in Sources */,
				B79458D52996A97D0049B22E /* AddEditViewController.swift in Sources */,
				B79458D12996A6A80049B22E /* ConsolesTableViewController.swift in Sources */,
				B79458CF2996A6800049B22E /* GamesTableViewController.swift in Sources */,
				B7E00DBF299524C70049AE61 /* My_Games.xcdatamodeld in Sources */,
				B702ADEB299B272200563F59 /* ViewController+CoreData.swift in Sources */,
			);
			runOnlyForDeploymentPostprocessing = 0;
		};
/* End PBXSourcesBuildPhase section */

/* Begin PBXVariantGroup section */
		B7E00DBA299524C70049AE61 /* Main.storyboard */ = {
			isa = PBXVariantGroup;
			children = (
				B7E00DBB299524C70049AE61 /* Base */,
			);
			name = Main.storyboard;
			sourceTree = "<group>";
		};
		B7E00DC2299524C80049AE61 /* LaunchScreen.storyboard */ = {
			isa = PBXVariantGroup;
			children = (
				B7E00DC3299524C80049AE61 /* Base */,
			);
			name = LaunchScreen.storyboard;
			sourceTree = "<group>";
		};
/* End PBXVariantGroup section */

/* Begin XCBuildConfiguration section */
		B7E00DC6299524C80049AE61 /* Debug */ = {
			isa = XCBuildConfiguration;
			buildSettings = {
				ALWAYS_SEARCH_USER_PATHS = NO;
				CLANG_ANALYZER_NONNULL = YES;
				CLANG_ANALYZER_NUMBER_OBJECT_CONVERSION = YES_AGGRESSIVE;
				CLANG_CXX_LANGUAGE_STANDARD = "gnu++20";
				CLANG_ENABLE_MODULES = YES;
				CLANG_ENABLE_OBJC_ARC = YES;
				CLANG_ENABLE_OBJC_WEAK = YES;
				CLANG_WARN_BLOCK_CAPTURE_AUTORELEASING = YES;
				CLANG_WARN_BOOL_CONVERSION = YES;
				CLANG_WARN_COMMA = YES;
				CLANG_WARN_CONSTANT_CONVERSION = YES;
				CLANG_WARN_DEPRECATED_OBJC_IMPLEMENTATIONS = YES;
				CLANG_WARN_DIRECT_OBJC_ISA_USAGE = YES_ERROR;
				CLANG_WARN_DOCUMENTATION_COMMENTS = YES;
				CLANG_WARN_EMPTY_BODY = YES;
				CLANG_WARN_ENUM_CONVERSION = YES;
				CLANG_WARN_INFINITE_RECURSION = YES;
				CLANG_WARN_INT_CONVERSION = YES;
				CLANG_WARN_NON_LITERAL_NULL_CONVERSION = YES;
				CLANG_WARN_OBJC_IMPLICIT_RETAIN_SELF = YES;
				CLANG_WARN_OBJC_LITERAL_CONVERSION = YES;
				CLANG_WARN_OBJC_ROOT_CLASS = YES_ERROR;
				CLANG_WARN_QUOTED_INCLUDE_IN_FRAMEWORK_HEADER = YES;
				CLANG_WARN_RANGE_LOOP_ANALYSIS = YES;
				CLANG_WARN_STRICT_PROTOTYPES = YES;
				CLANG_WARN_SUSPICIOUS_MOVE = YES;
				CLANG_WARN_UNGUARDED_AVAILABILITY = YES_AGGRESSIVE;
				CLANG_WARN_UNREACHABLE_CODE = YES;
				CLANG_WARN__DUPLICATE_METHOD_MATCH = YES;
				COPY_PHASE_STRIP = NO;
				DEBUG_INFORMATION_FORMAT = dwarf;
				ENABLE_STRICT_OBJC_MSGSEND = YES;
				ENABLE_TESTABILITY = YES;
				GCC_C_LANGUAGE_STANDARD = gnu11;
				GCC_DYNAMIC_NO_PIC = NO;
				GCC_NO_COMMON_BLOCKS = YES;
				GCC_OPTIMIZATION_LEVEL = 0;
				GCC_PREPROCESSOR_DEFINITIONS = (
					"DEBUG=1",
					"$(inherited)",
				);
				GCC_WARN_64_TO_32_BIT_CONVERSION = YES;
				GCC_WARN_ABOUT_RETURN_TYPE = YES_ERROR;
				GCC_WARN_UNDECLARED_SELECTOR = YES;
				GCC_WARN_UNINITIALIZED_AUTOS = YES_AGGRESSIVE;
				GCC_WARN_UNUSED_FUNCTION = YES;
				GCC_WARN_UNUSED_VARIABLE = YES;
				IPHONEOS_DEPLOYMENT_TARGET = 16.2;
				MTL_ENABLE_DEBUG_INFO = INCLUDE_SOURCE;
				MTL_FAST_MATH = YES;
				ONLY_ACTIVE_ARCH = YES;
				SDKROOT = iphoneos;
				SWIFT_ACTIVE_COMPILATION_CONDITIONS = DEBUG;
				SWIFT_OPTIMIZATION_LEVEL = "-Onone";
			};
			name = Debug;
		};
		B7E00DC7299524C80049AE61 /* Release */ = {
			isa = XCBuildConfiguration;
			buildSettings = {
				ALWAYS_SEARCH_USER_PATHS = NO;
				CLANG_ANALYZER_NONNULL = YES;
				CLANG_ANALYZER_NUMBER_OBJECT_CONVERSION = YES_AGGRESSIVE;
				CLANG_CXX_LANGUAGE_STANDARD = "gnu++20";
				CLANG_ENABLE_MODULES = YES;
				CLANG_ENABLE_OBJC_ARC = YES;
				CLANG_ENABLE_OBJC_WEAK = YES;
				CLANG_WARN_BLOCK_CAPTURE_AUTORELEASING = YES;
				CLANG_WARN_BOOL_CONVERSION = YES;
				CLANG_WARN_COMMA = YES;
				CLANG_WARN_CONSTANT_CONVERSION = YES;
				CLANG_WARN_DEPRECATED_OBJC_IMPLEMENTATIONS = YES;
				CLANG_WARN_DIRECT_OBJC_ISA_USAGE = YES_ERROR;
				CLANG_WARN_DOCUMENTATION_COMMENTS = YES;
				CLANG_WARN_EMPTY_BODY = YES;
				CLANG_WARN_ENUM_CONVERSION = YES;
				CLANG_WARN_INFINITE_RECURSION = YES;
				CLANG_WARN_INT_CONVERSION = YES;
				CLANG_WARN_NON_LITERAL_NULL_CONVERSION = YES;
				CLANG_WARN_OBJC_IMPLICIT_RETAIN_SELF = YES;
				CLANG_WARN_OBJC_LITERAL_CONVERSION = YES;
				CLANG_WARN_OBJC_ROOT_CLASS = YES_ERROR;
				CLANG_WARN_QUOTED_INCLUDE_IN_FRAMEWORK_HEADER = YES;
				CLANG_WARN_RANGE_LOOP_ANALYSIS = YES;
				CLANG_WARN_STRICT_PROTOTYPES = YES;
				CLANG_WARN_SUSPICIOUS_MOVE = YES;
				CLANG_WARN_UNGUARDED_AVAILABILITY = YES_AGGRESSIVE;
				CLANG_WARN_UNREACHABLE_CODE = YES;
				CLANG_WARN__DUPLICATE_METHOD_MATCH = YES;
				COPY_PHASE_STRIP = NO;
				DEBUG_INFORMATION_FORMAT = "dwarf-with-dsym";
				ENABLE_NS_ASSERTIONS = NO;
				ENABLE_STRICT_OBJC_MSGSEND = YES;
				GCC_C_LANGUAGE_STANDARD = gnu11;
				GCC_NO_COMMON_BLOCKS = YES;
				GCC_WARN_64_TO_32_BIT_CONVERSION = YES;
				GCC_WARN_ABOUT_RETURN_TYPE = YES_ERROR;
				GCC_WARN_UNDECLARED_SELECTOR = YES;
				GCC_WARN_UNINITIALIZED_AUTOS = YES_AGGRESSIVE;
				GCC_WARN_UNUSED_FUNCTION = YES;
				GCC_WARN_UNUSED_VARIABLE = YES;
				IPHONEOS_DEPLOYMENT_TARGET = 16.2;
				MTL_ENABLE_DEBUG_INFO = NO;
				MTL_FAST_MATH = YES;
				SDKROOT = iphoneos;
				SWIFT_COMPILATION_MODE = wholemodule;
				SWIFT_OPTIMIZATION_LEVEL = "-O";
				VALIDATE_PRODUCT = YES;
			};
			name = Release;
		};
		B7E00DC9299524C80049AE61 /* Debug */ = {
			isa = XCBuildConfiguration;
			buildSettings = {
				ASSETCATALOG_COMPILER_APPICON_NAME = AppIcon;
				ASSETCATALOG_COMPILER_GLOBAL_ACCENT_COLOR_NAME = AccentColor;
				CODE_SIGN_STYLE = Automatic;
				CURRENT_PROJECT_VERSION = 1;
				DEVELOPMENT_TEAM = 3Y5F7BP894;
				GENERATE_INFOPLIST_FILE = YES;
				INFOPLIST_FILE = "My Games/Info.plist";
				INFOPLIST_KEY_UIApplicationSupportsIndirectInputEvents = YES;
				INFOPLIST_KEY_UILaunchStoryboardName = LaunchScreen;
				INFOPLIST_KEY_UIMainStoryboardFile = Main;
				INFOPLIST_KEY_UISupportedInterfaceOrientations_iPad = "UIInterfaceOrientationPortrait UIInterfaceOrientationPortraitUpsideDown UIInterfaceOrientationLandscapeLeft UIInterfaceOrientationLandscapeRight";
				INFOPLIST_KEY_UISupportedInterfaceOrientations_iPhone = "UIInterfaceOrientationPortrait UIInterfaceOrientationLandscapeLeft UIInterfaceOrientationLandscapeRight";
				LD_RUNPATH_SEARCH_PATHS = (
					"$(inherited)",
					"@executable_path/Frameworks",
				);
				MARKETING_VERSION = 1.0;
				PRODUCT_BUNDLE_IDENTIFIER = "br.com.vloss.My-Games";
				PRODUCT_NAME = "$(TARGET_NAME)";
				SWIFT_EMIT_LOC_STRINGS = YES;
				SWIFT_VERSION = 5.0;
				TARGETED_DEVICE_FAMILY = "1,2";
			};
			name = Debug;
		};
		B7E00DCA299524C80049AE61 /* Release */ = {
			isa = XCBuildConfiguration;
			buildSettings = {
				ASSETCATALOG_COMPILER_APPICON_NAME = AppIcon;
				ASSETCATALOG_COMPILER_GLOBAL_ACCENT_COLOR_NAME = AccentColor;
				CODE_SIGN_STYLE = Automatic;
				CURRENT_PROJECT_VERSION = 1;
				DEVELOPMENT_TEAM = 3Y5F7BP894;
				GENERATE_INFOPLIST_FILE = YES;
				INFOPLIST_FILE = "My Games/Info.plist";
				INFOPLIST_KEY_UIApplicationSupportsIndirectInputEvents = YES;
				INFOPLIST_KEY_UILaunchStoryboardName = LaunchScreen;
				INFOPLIST_KEY_UIMainStoryboardFile = Main;
				INFOPLIST_KEY_UISupportedInterfaceOrientations_iPad = "UIInterfaceOrientationPortrait UIInterfaceOrientationPortraitUpsideDown UIInterfaceOrientationLandscapeLeft UIInterfaceOrientationLandscapeRight";
				INFOPLIST_KEY_UISupportedInterfaceOrientations_iPhone = "UIInterfaceOrientationPortrait UIInterfaceOrientationLandscapeLeft UIInterfaceOrientationLandscapeRight";
				LD_RUNPATH_SEARCH_PATHS = (
					"$(inherited)",
					"@executable_path/Frameworks",
				);
				MARKETING_VERSION = 1.0;
				PRODUCT_BUNDLE_IDENTIFIER = "br.com.vloss.My-Games";
				PRODUCT_NAME = "$(TARGET_NAME)";
				SWIFT_EMIT_LOC_STRINGS = YES;
				SWIFT_VERSION = 5.0;
				TARGETED_DEVICE_FAMILY = "1,2";
			};
			name = Release;
		};
/* End XCBuildConfiguration section */

/* Begin XCConfigurationList section */
		B7E00DAC299524C70049AE61 /* Build configuration list for PBXProject "My Games" */ = {
			isa = XCConfigurationList;
			buildConfigurations = (
				B7E00DC6299524C80049AE61 /* Debug */,
				B7E00DC7299524C80049AE61 /* Release */,
			);
			defaultConfigurationIsVisible = 0;
			defaultConfigurationName = Release;
		};
		B7E00DC8299524C80049AE61 /* Build configuration list for PBXNativeTarget "My Games" */ = {
			isa = XCConfigurationList;
			buildConfigurations = (
				B7E00DC9299524C80049AE61 /* Debug */,
				B7E00DCA299524C80049AE61 /* Release */,
			);
			defaultConfigurationIsVisible = 0;
			defaultConfigurationName = Release;
		};
/* End XCConfigurationList section */

/* Begin XCVersionGroup section */
		B7E00DBD299524C70049AE61 /* My_Games.xcdatamodeld */ = {
			isa = XCVersionGroup;
			children = (
				B7E00DBE299524C70049AE61 /* My_Games.xcdatamodel */,
			);
			currentVersion = B7E00DBE299524C70049AE61 /* My_Games.xcdatamodel */;
			path = My_Games.xcdatamodeld;
			sourceTree = "<group>";
			versionGroupType = wrapper.xcdatamodel;
		};
/* End XCVersionGroup section */
	};
	rootObject = B7E00DA9299524C70049AE61 /* Project object */;
}
